{
    "version": 3,
    "terraform_version": "0.11.10",
    "serial": 10,
    "lineage": "37b52b4f-b35c-ea5b-a3d5-728a8ee97ed9",
    "modules": [
        {
            "path": [
                "root"
            ],
            "outputs": {},
            "resources": {
                "aws_instance.deep-learning": {
                    "type": "aws_instance",
                    "depends_on": [],
                    "primary": {
                        "id": "i-0001d5a320faacab2",
                        "attributes": {
                            "ami": "ami-0688c8f24f1c0e235",
                            "arn": "arn:aws:ec2:us-west-2:941181668820:instance/i-0001d5a320faacab2",
                            "associate_public_ip_address": "true",
                            "availability_zone": "us-west-2b",
                            "cpu_core_count": "2",
                            "cpu_threads_per_core": "2",
                            "credit_specification.#": "1",
                            "credit_specification.0.cpu_credits": "standard",
                            "disable_api_termination": "false",
                            "ebs_block_device.#": "0",
                            "ebs_optimized": "false",
                            "ephemeral_block_device.#": "0",
                            "get_password_data": "false",
                            "iam_instance_profile": "",
                            "id": "i-0001d5a320faacab2",
                            "instance_state": "running",
                            "instance_type": "p2.xlarge",
                            "ipv6_addresses.#": "0",
                            "key_name": "erik-deep-learning",
                            "monitoring": "false",
                            "network_interface.#": "0",
                            "network_interface_id": "eni-04263c1e01bde587f",
                            "password_data": "",
                            "placement_group": "",
                            "primary_network_interface_id": "eni-04263c1e01bde587f",
                            "private_dns": "ip-172-31-33-69.us-west-2.compute.internal",
                            "private_ip": "172.31.33.69",
                            "public_dns": "ec2-34-220-73-252.us-west-2.compute.amazonaws.com",
                            "public_ip": "34.220.73.252",
                            "root_block_device.#": "1",
                            "root_block_device.0.delete_on_termination": "true",
                            "root_block_device.0.iops": "225",
                            "root_block_device.0.volume_id": "vol-02413cb121d752fd7",
                            "root_block_device.0.volume_size": "75",
                            "root_block_device.0.volume_type": "gp2",
                            "security_groups.#": "1",
                            "security_groups.1454479838": "allow_ssh",
                            "source_dest_check": "true",
                            "subnet_id": "subnet-78cb950f",
                            "tags.%": "0",
                            "tenancy": "default",
                            "volume_tags.%": "0",
                            "vpc_security_group_ids.#": "1",
                            "vpc_security_group_ids.2642096049": "sg-0ab9f36a0054e3227"
                        },
                        "meta": {
                            "e2bfb730-ecaa-11e6-8f88-34363bc7c4c0": {
                                "create": 600000000000,
                                "delete": 1200000000000,
                                "update": 600000000000
                            },
                            "schema_version": "1"
                        },
                        "tainted": false
                    },
                    "deposed": [],
                    "provider": "provider.aws"
                },
                "aws_security_group.allow_ssh": {
                    "type": "aws_security_group",
                    "depends_on": [],
                    "primary": {
                        "id": "sg-0ab9f36a0054e3227",
                        "attributes": {
                            "arn": "arn:aws:ec2:us-west-2:941181668820:security-group/sg-0ab9f36a0054e3227",
                            "description": "allows ingress of ssh traffic",
                            "egress.#": "1",
                            "egress.482069346.cidr_blocks.#": "1",
                            "egress.482069346.cidr_blocks.0": "0.0.0.0/0",
                            "egress.482069346.description": "",
                            "egress.482069346.from_port": "0",
                            "egress.482069346.ipv6_cidr_blocks.#": "0",
                            "egress.482069346.prefix_list_ids.#": "0",
                            "egress.482069346.protocol": "-1",
                            "egress.482069346.security_groups.#": "0",
                            "egress.482069346.self": "false",
                            "egress.482069346.to_port": "0",
                            "id": "sg-0ab9f36a0054e3227",
                            "ingress.#": "2",
                            "ingress.2541437006.cidr_blocks.#": "1",
                            "ingress.2541437006.cidr_blocks.0": "0.0.0.0/0",
                            "ingress.2541437006.description": "",
                            "ingress.2541437006.from_port": "22",
                            "ingress.2541437006.ipv6_cidr_blocks.#": "0",
                            "ingress.2541437006.prefix_list_ids.#": "0",
                            "ingress.2541437006.protocol": "tcp",
                            "ingress.2541437006.security_groups.#": "0",
                            "ingress.2541437006.self": "false",
                            "ingress.2541437006.to_port": "22",
                            "ingress.954887090.cidr_blocks.#": "1",
                            "ingress.954887090.cidr_blocks.0": "0.0.0.0/0",
                            "ingress.954887090.description": "",
                            "ingress.954887090.from_port": "32768",
                            "ingress.954887090.ipv6_cidr_blocks.#": "0",
                            "ingress.954887090.prefix_list_ids.#": "0",
                            "ingress.954887090.protocol": "tcp",
                            "ingress.954887090.security_groups.#": "0",
                            "ingress.954887090.self": "false",
                            "ingress.954887090.to_port": "65535",
                            "name": "allow_ssh",
                            "owner_id": "941181668820",
                            "revoke_rules_on_delete": "false",
                            "tags.%": "0",
                            "vpc_id": "vpc-26774143"
                        },
                        "meta": {
                            "e2bfb730-ecaa-11e6-8f88-34363bc7c4c0": {
                                "create": 600000000000,
                                "delete": 600000000000
                            },
                            "schema_version": "1"
                        },
                        "tainted": false
                    },
                    "deposed": [],
                    "provider": "provider.aws"
                }
            },
            "depends_on": []
        }
    ]
}
